
Microsoft Visual Studio Solution File, Format Version 12.00
# Visual Studio Version 17
VisualStudioVersion = 17.4.33103.184
MinimumVisualStudioVersion = 10.0.40219.1
Project("{FAE04EC0-301F-11D3-BF4B-00C04F79EFBC}") = "takehome week 3", "takehome week 3.csproj", "{BF429296-E3F1-44C4-BD3A-9C4C44BD4DED}"
EndProject
Global
	GlobalSection(SolutionConfigurationPlatforms) = preSolution
		Debug|Any CPU = Debug|Any CPU
		Release|Any CPU = Release|Any CPU
	EndGlobalSection
	GlobalSection(ProjectConfigurationPlatforms) = postSolution
		{BF429296-E3F1-44C4-BD3A-9C4C44BD4DED}.Debug|Any CPU.ActiveCfg = Debug|Any CPU
		{BF429296-E3F1-44C4-BD3A-9C4C44BD4DED}.Debug|Any CPU.Build.0 = Debug|Any CPU
		{BF429296-E3F1-44C4-BD3A-9C4C44BD4DED}.Release|Any CPU.ActiveCfg = Release|Any CPU
		{BF429296-E3F1-44C4-BD3A-9C4C44BD4DED}.Release|Any CPU.Build.0 = Release|Any CPU
	EndGlobalSection
	GlobalSection(SolutionProperties) = preSolution
		HideSolutionNode = FALSE
	EndGlobalSection
	GlobalSection(ExtensibilityGlobals) = postSolution
		SolutionGuid = {EE309F64-B94D-4650-8B22-A6F2AA605AD5}
	EndGlobalSection
EndGlobal
