
Microsoft Visual Studio Solution File, Format Version 12.00
# Visual Studio Version 17
VisualStudioVersion = 17.4.33103.184
MinimumVisualStudioVersion = 10.0.40219.1
Project("{FAE04EC0-301F-11D3-BF4B-00C04F79EFBC}") = "THA_WEEK7_Michelle_P", "THA_WEEK7_Michelle_P.csproj", "{76CCC9FE-AD98-4596-8E6F-1AE36920BC7E}"
EndProject
Global
	GlobalSection(SolutionConfigurationPlatforms) = preSolution
		Debug|Any CPU = Debug|Any CPU
		Release|Any CPU = Release|Any CPU
	EndGlobalSection
	GlobalSection(ProjectConfigurationPlatforms) = postSolution
		{76CCC9FE-AD98-4596-8E6F-1AE36920BC7E}.Debug|Any CPU.ActiveCfg = Debug|Any CPU
		{76CCC9FE-AD98-4596-8E6F-1AE36920BC7E}.Debug|Any CPU.Build.0 = Debug|Any CPU
		{76CCC9FE-AD98-4596-8E6F-1AE36920BC7E}.Release|Any CPU.ActiveCfg = Release|Any CPU
		{76CCC9FE-AD98-4596-8E6F-1AE36920BC7E}.Release|Any CPU.Build.0 = Release|Any CPU
	EndGlobalSection
	GlobalSection(SolutionProperties) = preSolution
		HideSolutionNode = FALSE
	EndGlobalSection
	GlobalSection(ExtensibilityGlobals) = postSolution
		SolutionGuid = {F3AA74DD-2906-4D81-9310-AD6F77089CCC}
	EndGlobalSection
EndGlobal
